
Microsoft Visual Studio Solution File, Format Version 10.00
# Visual Studio 2008
Project("{2150E333-8FDC-42A3-9474-1A3956D46DE8}") = "Solution Items", "Solution Items", "{E02ACF7D-CFEE-4DA2-A461-D6254F6BAD0D}"
	ProjectSection(SolutionItems) = preProject
		Doc\iPad_PDF服务器端接口.doc = Doc\iPad_PDF服务器端接口.doc
		Doc\iPhone客户端服务器接口.doc = Doc\iPhone客户端服务器接口.doc
		LocalTestRun.testrunconfig = LocalTestRun.testrunconfig
		ReferenceNews.vsmdi = ReferenceNews.vsmdi
		Doc\参考消息数字出版平台项目建议书.doc = Doc\参考消息数字出版平台项目建议书.doc
		Doc\数字商品管理.doc = Doc\数字商品管理.doc
	EndProjectSection
EndProject
Project("{FAE04EC0-301F-11D3-BF4B-00C04F79EFBC}") = "Husb.Common.Web", "..\Husb\Husb.Common.Web\Husb.Common.Web.csproj", "{F670CDE0-85D9-4130-911D-BB24D6B541A6}"
EndProject
Project("{FAE04EC0-301F-11D3-BF4B-00C04F79EFBC}") = "ReferenceNews.WebClient", "ReferenceNews.WebClient\ReferenceNews.WebClient.csproj", "{FA47BE55-9DA9-4495-8E8F-C0096CA729E8}"
EndProject
Project("{FAE04EC0-301F-11D3-BF4B-00C04F79EFBC}") = "ReferenceNews.ControlConsole", "ReferenceNews.ControlConsole\ReferenceNews.ControlConsole.csproj", "{56849033-B7EE-434F-91F2-355C9F9E2779}"
EndProject
Project("{FAE04EC0-301F-11D3-BF4B-00C04F79EFBC}") = "ReferenceNews.MembershipLibrary", "ReferenceNews.MembershipLibrary\ReferenceNews.MembershipLibrary.csproj", "{CCDDD3E8-64B0-44BE-8DFA-5B8C895651F5}"
EndProject
Project("{FAE04EC0-301F-11D3-BF4B-00C04F79EFBC}") = "ReferenceNews.Product", "ReferenceNews.Product\ReferenceNews.Product.csproj", "{67E97A1A-E3DE-4E53-AAAA-955F3E7D70D0}"
EndProject
Project("{FAE04EC0-301F-11D3-BF4B-00C04F79EFBC}") = "ReferenceNews.Orders", "ReferenceNews.Orders\ReferenceNews.Orders.csproj", "{1E2413CC-08C6-4010-B17B-6EF66DDBB334}"
EndProject
Project("{FAE04EC0-301F-11D3-BF4B-00C04F79EFBC}") = "ReferenceNews.Repository", "ReferenceNews.Repository\ReferenceNews.Repository.csproj", "{28B4BFDF-CBCD-4EF7-9E26-12E348A9BEC8}"
EndProject
Project("{2150E333-8FDC-42A3-9474-1A3956D46DE8}") = "Tests", "Tests", "{AFE0C0D0-2F62-45DD-86D1-71E7AC64F165}"
EndProject
Project("{FAE04EC0-301F-11D3-BF4B-00C04F79EFBC}") = "ReferenceNews.ProductTests", "Tests\ReferenceNews.ProductTests\ReferenceNews.ProductTests.csproj", "{75F41ADB-46C3-4CE4-A794-B2ABEA738C50}"
EndProject
Global
	GlobalSection(TestCaseManagementSettings) = postSolution
		CategoryFile = ReferenceNews.vsmdi
	EndGlobalSection
	GlobalSection(SolutionConfigurationPlatforms) = preSolution
		Debug|Any CPU = Debug|Any CPU
		Release|Any CPU = Release|Any CPU
		Testing|Any CPU = Testing|Any CPU
	EndGlobalSection
	GlobalSection(ProjectConfigurationPlatforms) = postSolution
		{F670CDE0-85D9-4130-911D-BB24D6B541A6}.Debug|Any CPU.ActiveCfg = Debug|Any CPU
		{F670CDE0-85D9-4130-911D-BB24D6B541A6}.Release|Any CPU.ActiveCfg = Release|Any CPU
		{F670CDE0-85D9-4130-911D-BB24D6B541A6}.Release|Any CPU.Build.0 = Release|Any CPU
		{F670CDE0-85D9-4130-911D-BB24D6B541A6}.Testing|Any CPU.ActiveCfg = Release|Any CPU
		{F670CDE0-85D9-4130-911D-BB24D6B541A6}.Testing|Any CPU.Build.0 = Release|Any CPU
		{FA47BE55-9DA9-4495-8E8F-C0096CA729E8}.Debug|Any CPU.ActiveCfg = Debug|Any CPU
		{FA47BE55-9DA9-4495-8E8F-C0096CA729E8}.Debug|Any CPU.Build.0 = Debug|Any CPU
		{FA47BE55-9DA9-4495-8E8F-C0096CA729E8}.Release|Any CPU.ActiveCfg = Release|Any CPU
		{FA47BE55-9DA9-4495-8E8F-C0096CA729E8}.Release|Any CPU.Build.0 = Release|Any CPU
		{FA47BE55-9DA9-4495-8E8F-C0096CA729E8}.Testing|Any CPU.ActiveCfg = Release|Any CPU
		{FA47BE55-9DA9-4495-8E8F-C0096CA729E8}.Testing|Any CPU.Build.0 = Release|Any CPU
		{56849033-B7EE-434F-91F2-355C9F9E2779}.Debug|Any CPU.ActiveCfg = Debug|Any CPU
		{56849033-B7EE-434F-91F2-355C9F9E2779}.Debug|Any CPU.Build.0 = Debug|Any CPU
		{56849033-B7EE-434F-91F2-355C9F9E2779}.Release|Any CPU.ActiveCfg = Release|Any CPU
		{56849033-B7EE-434F-91F2-355C9F9E2779}.Release|Any CPU.Build.0 = Release|Any CPU
		{56849033-B7EE-434F-91F2-355C9F9E2779}.Testing|Any CPU.ActiveCfg = Release|Any CPU
		{56849033-B7EE-434F-91F2-355C9F9E2779}.Testing|Any CPU.Build.0 = Release|Any CPU
		{CCDDD3E8-64B0-44BE-8DFA-5B8C895651F5}.Debug|Any CPU.ActiveCfg = Debug|Any CPU
		{CCDDD3E8-64B0-44BE-8DFA-5B8C895651F5}.Debug|Any CPU.Build.0 = Debug|Any CPU
		{CCDDD3E8-64B0-44BE-8DFA-5B8C895651F5}.Release|Any CPU.ActiveCfg = Release|Any CPU
		{CCDDD3E8-64B0-44BE-8DFA-5B8C895651F5}.Release|Any CPU.Build.0 = Release|Any CPU
		{CCDDD3E8-64B0-44BE-8DFA-5B8C895651F5}.Testing|Any CPU.ActiveCfg = Release|Any CPU
		{CCDDD3E8-64B0-44BE-8DFA-5B8C895651F5}.Testing|Any CPU.Build.0 = Release|Any CPU
		{67E97A1A-E3DE-4E53-AAAA-955F3E7D70D0}.Debug|Any CPU.ActiveCfg = Debug|Any CPU
		{67E97A1A-E3DE-4E53-AAAA-955F3E7D70D0}.Debug|Any CPU.Build.0 = Debug|Any CPU
		{67E97A1A-E3DE-4E53-AAAA-955F3E7D70D0}.Release|Any CPU.ActiveCfg = Release|Any CPU
		{67E97A1A-E3DE-4E53-AAAA-955F3E7D70D0}.Release|Any CPU.Build.0 = Release|Any CPU
		{67E97A1A-E3DE-4E53-AAAA-955F3E7D70D0}.Testing|Any CPU.ActiveCfg = Release|Any CPU
		{67E97A1A-E3DE-4E53-AAAA-955F3E7D70D0}.Testing|Any CPU.Build.0 = Release|Any CPU
		{1E2413CC-08C6-4010-B17B-6EF66DDBB334}.Debug|Any CPU.ActiveCfg = Debug|Any CPU
		{1E2413CC-08C6-4010-B17B-6EF66DDBB334}.Debug|Any CPU.Build.0 = Debug|Any CPU
		{1E2413CC-08C6-4010-B17B-6EF66DDBB334}.Release|Any CPU.ActiveCfg = Release|Any CPU
		{1E2413CC-08C6-4010-B17B-6EF66DDBB334}.Release|Any CPU.Build.0 = Release|Any CPU
		{1E2413CC-08C6-4010-B17B-6EF66DDBB334}.Testing|Any CPU.ActiveCfg = Release|Any CPU
		{1E2413CC-08C6-4010-B17B-6EF66DDBB334}.Testing|Any CPU.Build.0 = Release|Any CPU
		{28B4BFDF-CBCD-4EF7-9E26-12E348A9BEC8}.Debug|Any CPU.ActiveCfg = Debug|Any CPU
		{28B4BFDF-CBCD-4EF7-9E26-12E348A9BEC8}.Debug|Any CPU.Build.0 = Debug|Any CPU
		{28B4BFDF-CBCD-4EF7-9E26-12E348A9BEC8}.Release|Any CPU.ActiveCfg = Release|Any CPU
		{28B4BFDF-CBCD-4EF7-9E26-12E348A9BEC8}.Release|Any CPU.Build.0 = Release|Any CPU
		{28B4BFDF-CBCD-4EF7-9E26-12E348A9BEC8}.Testing|Any CPU.ActiveCfg = Release|Any CPU
		{28B4BFDF-CBCD-4EF7-9E26-12E348A9BEC8}.Testing|Any CPU.Build.0 = Release|Any CPU
		{75F41ADB-46C3-4CE4-A794-B2ABEA738C50}.Debug|Any CPU.ActiveCfg = Debug|Any CPU
		{75F41ADB-46C3-4CE4-A794-B2ABEA738C50}.Debug|Any CPU.Build.0 = Debug|Any CPU
		{75F41ADB-46C3-4CE4-A794-B2ABEA738C50}.Release|Any CPU.ActiveCfg = Release|Any CPU
		{75F41ADB-46C3-4CE4-A794-B2ABEA738C50}.Release|Any CPU.Build.0 = Release|Any CPU
		{75F41ADB-46C3-4CE4-A794-B2ABEA738C50}.Testing|Any CPU.ActiveCfg = Release|Any CPU
		{75F41ADB-46C3-4CE4-A794-B2ABEA738C50}.Testing|Any CPU.Build.0 = Release|Any CPU
	EndGlobalSection
	GlobalSection(SolutionProperties) = preSolution
		HideSolutionNode = FALSE
	EndGlobalSection
	GlobalSection(NestedProjects) = preSolution
		{75F41ADB-46C3-4CE4-A794-B2ABEA738C50} = {AFE0C0D0-2F62-45DD-86D1-71E7AC64F165}
	EndGlobalSection
EndGlobal
